
Microsoft Visual Studio Solution File, Format Version 12.00
# Visual Studio Version 17
VisualStudioVersion = 17.7.34031.279
MinimumVisualStudioVersion = 10.0.40219.1
Project("{FAE04EC0-301F-11D3-BF4B-00C04F79EFBC}") = "DataAccess", "DataAccess.csproj", "{279549AF-FF60-4736-AB74-CD6301DA204A}"
EndProject
Global
	GlobalSection(SolutionConfigurationPlatforms) = preSolution
		Debug|Any CPU = Debug|Any CPU
		Release|Any CPU = Release|Any CPU
	EndGlobalSection
	GlobalSection(ProjectConfigurationPlatforms) = postSolution
		{279549AF-FF60-4736-AB74-CD6301DA204A}.Debug|Any CPU.ActiveCfg = Debug|Any CPU
		{279549AF-FF60-4736-AB74-CD6301DA204A}.Debug|Any CPU.Build.0 = Debug|Any CPU
		{279549AF-FF60-4736-AB74-CD6301DA204A}.Release|Any CPU.ActiveCfg = Release|Any CPU
		{279549AF-FF60-4736-AB74-CD6301DA204A}.Release|Any CPU.Build.0 = Release|Any CPU
	EndGlobalSection
	GlobalSection(SolutionProperties) = preSolution
		HideSolutionNode = FALSE
	EndGlobalSection
	GlobalSection(ExtensibilityGlobals) = postSolution
		SolutionGuid = {9EF43E4B-E607-4BBC-8ECE-802CCB3D4E71}
	EndGlobalSection
EndGlobal
